
Microsoft Visual Studio Solution File, Format Version 12.00
# Visual Studio 15
VisualStudioVersion = 15.0.28010.2046
MinimumVisualStudioVersion = 10.0.40219.1
Project("{FAE04EC0-301F-11D3-BF4B-00C04F79EFBC}") = "mantap22.Android", "mantap22\mantap22.Android\mantap22.Android.csproj", "{7BA612D3-3E8B-4704-BA97-75E27CF9F03F}"
EndProject
Project("{FAE04EC0-301F-11D3-BF4B-00C04F79EFBC}") = "mantap22.iOS", "mantap22\mantap22.iOS\mantap22.iOS.csproj", "{C59D2A26-40F0-4286-9019-794C01934B29}"
EndProject
Project("{FAE04EC0-301F-11D3-BF4B-00C04F79EFBC}") = "mantap22.UWP", "mantap22\mantap22.UWP\mantap22.UWP.csproj", "{94732DD9-C3EB-48D0-94F6-B91FA447B3CB}"
EndProject
Project("{FAE04EC0-301F-11D3-BF4B-00C04F79EFBC}") = "mantap22", "mantap22\mantap22\mantap22.csproj", "{80A7F752-EC05-4A9C-ACD5-F4360820BCDF}"
EndProject
Global
	GlobalSection(SolutionConfigurationPlatforms) = preSolution
		Ad-Hoc|Any CPU = Ad-Hoc|Any CPU
		Ad-Hoc|ARM = Ad-Hoc|ARM
		Ad-Hoc|iPhone = Ad-Hoc|iPhone
		Ad-Hoc|iPhoneSimulator = Ad-Hoc|iPhoneSimulator
		Ad-Hoc|x64 = Ad-Hoc|x64
		Ad-Hoc|x86 = Ad-Hoc|x86
		AppStore|Any CPU = AppStore|Any CPU
		AppStore|ARM = AppStore|ARM
		AppStore|iPhone = AppStore|iPhone
		AppStore|iPhoneSimulator = AppStore|iPhoneSimulator
		AppStore|x64 = AppStore|x64
		AppStore|x86 = AppStore|x86
		Debug|Any CPU = Debug|Any CPU
		Debug|ARM = Debug|ARM
		Debug|iPhone = Debug|iPhone
		Debug|iPhoneSimulator = Debug|iPhoneSimulator
		Debug|x64 = Debug|x64
		Debug|x86 = Debug|x86
		Release|Any CPU = Release|Any CPU
		Release|ARM = Release|ARM
		Release|iPhone = Release|iPhone
		Release|iPhoneSimulator = Release|iPhoneSimulator
		Release|x64 = Release|x64
		Release|x86 = Release|x86
	EndGlobalSection
	GlobalSection(ProjectConfigurationPlatforms) = postSolution
		{7BA612D3-3E8B-4704-BA97-75E27CF9F03F}.Ad-Hoc|Any CPU.ActiveCfg = Release|Any CPU
		{7BA612D3-3E8B-4704-BA97-75E27CF9F03F}.Ad-Hoc|Any CPU.Build.0 = Release|Any CPU
		{7BA612D3-3E8B-4704-BA97-75E27CF9F03F}.Ad-Hoc|Any CPU.Deploy.0 = Release|Any CPU
		{7BA612D3-3E8B-4704-BA97-75E27CF9F03F}.Ad-Hoc|ARM.ActiveCfg = Release|Any CPU
		{7BA612D3-3E8B-4704-BA97-75E27CF9F03F}.Ad-Hoc|ARM.Build.0 = Release|Any CPU
		{7BA612D3-3E8B-4704-BA97-75E27CF9F03F}.Ad-Hoc|ARM.Deploy.0 = Release|Any CPU
		{7BA612D3-3E8B-4704-BA97-75E27CF9F03F}.Ad-Hoc|iPhone.ActiveCfg = Release|Any CPU
		{7BA612D3-3E8B-4704-BA97-75E27CF9F03F}.Ad-Hoc|iPhone.Build.0 = Release|Any CPU
		{7BA612D3-3E8B-4704-BA97-75E27CF9F03F}.Ad-Hoc|iPhone.Deploy.0 = Release|Any CPU
		{7BA612D3-3E8B-4704-BA97-75E27CF9F03F}.Ad-Hoc|iPhoneSimulator.ActiveCfg = Release|Any CPU
		{7BA612D3-3E8B-4704-BA97-75E27CF9F03F}.Ad-Hoc|iPhoneSimulator.Build.0 = Release|Any CPU
		{7BA612D3-3E8B-4704-BA97-75E27CF9F03F}.Ad-Hoc|iPhoneSimulator.Deploy.0 = Release|Any CPU
		{7BA612D3-3E8B-4704-BA97-75E27CF9F03F}.Ad-Hoc|x64.ActiveCfg = Release|Any CPU
		{7BA612D3-3E8B-4704-BA97-75E27CF9F03F}.Ad-Hoc|x64.Build.0 = Release|Any CPU
		{7BA612D3-3E8B-4704-BA97-75E27CF9F03F}.Ad-Hoc|x64.Deploy.0 = Release|Any CPU
		{7BA612D3-3E8B-4704-BA97-75E27CF9F03F}.Ad-Hoc|x86.ActiveCfg = Release|Any CPU
		{7BA612D3-3E8B-4704-BA97-75E27CF9F03F}.Ad-Hoc|x86.Build.0 = Release|Any CPU
		{7BA612D3-3E8B-4704-BA97-75E27CF9F03F}.Ad-Hoc|x86.Deploy.0 = Release|Any CPU
		{7BA612D3-3E8B-4704-BA97-75E27CF9F03F}.AppStore|Any CPU.ActiveCfg = Release|Any CPU
		{7BA612D3-3E8B-4704-BA97-75E27CF9F03F}.AppStore|Any CPU.Build.0 = Release|Any CPU
		{7BA612D3-3E8B-4704-BA97-75E27CF9F03F}.AppStore|Any CPU.Deploy.0 = Release|Any CPU
		{7BA612D3-3E8B-4704-BA97-75E27CF9F03F}.AppStore|ARM.ActiveCfg = Release|Any CPU
		{7BA612D3-3E8B-4704-BA97-75E27CF9F03F}.AppStore|ARM.Build.0 = Release|Any CPU
		{7BA612D3-3E8B-4704-BA97-75E27CF9F03F}.AppStore|ARM.Deploy.0 = Release|Any CPU
		{7BA612D3-3E8B-4704-BA97-75E27CF9F03F}.AppStore|iPhone.ActiveCfg = Release|Any CPU
		{7BA612D3-3E8B-4704-BA97-75E27CF9F03F}.AppStore|iPhone.Build.0 = Release|Any CPU
		{7BA612D3-3E8B-4704-BA97-75E27CF9F03F}.AppStore|iPhone.Deploy.0 = Release|Any CPU
		{7BA612D3-3E8B-4704-BA97-75E27CF9F03F}.AppStore|iPhoneSimulator.ActiveCfg = Release|Any CPU
		{7BA612D3-3E8B-4704-BA97-75E27CF9F03F}.AppStore|iPhoneSimulator.Build.0 = Release|Any CPU
		{7BA612D3-3E8B-4704-BA97-75E27CF9F03F}.AppStore|iPhoneSimulator.Deploy.0 = Release|Any CPU
		{7BA612D3-3E8B-4704-BA97-75E27CF9F03F}.AppStore|x64.ActiveCfg = Release|Any CPU
		{7BA612D3-3E8B-4704-BA97-75E27CF9F03F}.AppStore|x64.Build.0 = Release|Any CPU
		{7BA612D3-3E8B-4704-BA97-75E27CF9F03F}.AppStore|x64.Deploy.0 = Release|Any CPU
		{7BA612D3-3E8B-4704-BA97-75E27CF9F03F}.AppStore|x86.ActiveCfg = Release|Any CPU
		{7BA612D3-3E8B-4704-BA97-75E27CF9F03F}.AppStore|x86.Build.0 = Release|Any CPU
		{7BA612D3-3E8B-4704-BA97-75E27CF9F03F}.AppStore|x86.Deploy.0 = Release|Any CPU
		{7BA612D3-3E8B-4704-BA97-75E27CF9F03F}.Debug|Any CPU.ActiveCfg = Debug|Any CPU
		{7BA612D3-3E8B-4704-BA97-75E27CF9F03F}.Debug|Any CPU.Build.0 = Debug|Any CPU
		{7BA612D3-3E8B-4704-BA97-75E27CF9F03F}.Debug|Any CPU.Deploy.0 = Debug|Any CPU
		{7BA612D3-3E8B-4704-BA97-75E27CF9F03F}.Debug|ARM.ActiveCfg = Debug|Any CPU
		{7BA612D3-3E8B-4704-BA97-75E27CF9F03F}.Debug|ARM.Build.0 = Debug|Any CPU
		{7BA612D3-3E8B-4704-BA97-75E27CF9F03F}.Debug|ARM.Deploy.0 = Debug|Any CPU
		{7BA612D3-3E8B-4704-BA97-75E27CF9F03F}.Debug|iPhone.ActiveCfg = Debug|Any CPU
		{7BA612D3-3E8B-4704-BA97-75E27CF9F03F}.Debug|iPhone.Build.0 = Debug|Any CPU
		{7BA612D3-3E8B-4704-BA97-75E27CF9F03F}.Debug|iPhone.Deploy.0 = Debug|Any CPU
		{7BA612D3-3E8B-4704-BA97-75E27CF9F03F}.Debug|iPhoneSimulator.ActiveCfg = Debug|Any CPU
		{7BA612D3-3E8B-4704-BA97-75E27CF9F03F}.Debug|iPhoneSimulator.Build.0 = Debug|Any CPU
		{7BA612D3-3E8B-4704-BA97-75E27CF9F03F}.Debug|iPhoneSimulator.Deploy.0 = Debug|Any CPU
		{7BA612D3-3E8B-4704-BA97-75E27CF9F03F}.Debug|x64.ActiveCfg = Debug|Any CPU
		{7BA612D3-3E8B-4704-BA97-75E27CF9F03F}.Debug|x64.Build.0 = Debug|Any CPU
		{7BA612D3-3E8B-4704-BA97-75E27CF9F03F}.Debug|x64.Deploy.0 = Debug|Any CPU
		{7BA612D3-3E8B-4704-BA97-75E27CF9F03F}.Debug|x86.ActiveCfg = Debug|Any CPU
		{7BA612D3-3E8B-4704-BA97-75E27CF9F03F}.Debug|x86.Build.0 = Debug|Any CPU
		{7BA612D3-3E8B-4704-BA97-75E27CF9F03F}.Debug|x86.Deploy.0 = Debug|Any CPU
		{7BA612D3-3E8B-4704-BA97-75E27CF9F03F}.Release|Any CPU.ActiveCfg = Release|Any CPU
		{7BA612D3-3E8B-4704-BA97-75E27CF9F03F}.Release|Any CPU.Build.0 = Release|Any CPU
		{7BA612D3-3E8B-4704-BA97-75E27CF9F03F}.Release|Any CPU.Deploy.0 = Release|Any CPU
		{7BA612D3-3E8B-4704-BA97-75E27CF9F03F}.Release|ARM.ActiveCfg = Release|Any CPU
		{7BA612D3-3E8B-4704-BA97-75E27CF9F03F}.Release|ARM.Build.0 = Release|Any CPU
		{7BA612D3-3E8B-4704-BA97-75E27CF9F03F}.Release|ARM.Deploy.0 = Release|Any CPU
		{7BA612D3-3E8B-4704-BA97-75E27CF9F03F}.Release|iPhone.ActiveCfg = Release|Any CPU
		{7BA612D3-3E8B-4704-BA97-75E27CF9F03F}.Release|iPhone.Build.0 = Release|Any CPU
		{7BA612D3-3E8B-4704-BA97-75E27CF9F03F}.Release|iPhone.Deploy.0 = Release|Any CPU
		{7BA612D3-3E8B-4704-BA97-75E27CF9F03F}.Release|iPhoneSimulator.ActiveCfg = Release|Any CPU
		{7BA612D3-3E8B-4704-BA97-75E27CF9F03F}.Release|iPhoneSimulator.Build.0 = Release|Any CPU
		{7BA612D3-3E8B-4704-BA97-75E27CF9F03F}.Release|iPhoneSimulator.Deploy.0 = Release|Any CPU
		{7BA612D3-3E8B-4704-BA97-75E27CF9F03F}.Release|x64.ActiveCfg = Release|Any CPU
		{7BA612D3-3E8B-4704-BA97-75E27CF9F03F}.Release|x64.Build.0 = Release|Any CPU
		{7BA612D3-3E8B-4704-BA97-75E27CF9F03F}.Release|x64.Deploy.0 = Release|Any CPU
		{7BA612D3-3E8B-4704-BA97-75E27CF9F03F}.Release|x86.ActiveCfg = Release|Any CPU
		{7BA612D3-3E8B-4704-BA97-75E27CF9F03F}.Release|x86.Build.0 = Release|Any CPU
		{7BA612D3-3E8B-4704-BA97-75E27CF9F03F}.Release|x86.Deploy.0 = Release|Any CPU
		{C59D2A26-40F0-4286-9019-794C01934B29}.Ad-Hoc|Any CPU.ActiveCfg = Ad-Hoc|iPhone
		{C59D2A26-40F0-4286-9019-794C01934B29}.Ad-Hoc|Any CPU.Build.0 = Ad-Hoc|iPhone
		{C59D2A26-40F0-4286-9019-794C01934B29}.Ad-Hoc|Any CPU.Deploy.0 = Ad-Hoc|iPhone
		{C59D2A26-40F0-4286-9019-794C01934B29}.Ad-Hoc|ARM.ActiveCfg = Ad-Hoc|iPhone
		{C59D2A26-40F0-4286-9019-794C01934B29}.Ad-Hoc|ARM.Build.0 = Ad-Hoc|iPhone
		{C59D2A26-40F0-4286-9019-794C01934B29}.Ad-Hoc|ARM.Deploy.0 = Ad-Hoc|iPhone
		{C59D2A26-40F0-4286-9019-794C01934B29}.Ad-Hoc|iPhone.ActiveCfg = Ad-Hoc|iPhone
		{C59D2A26-40F0-4286-9019-794C01934B29}.Ad-Hoc|iPhone.Build.0 = Ad-Hoc|iPhone
		{C59D2A26-40F0-4286-9019-794C01934B29}.Ad-Hoc|iPhone.Deploy.0 = Ad-Hoc|iPhone
		{C59D2A26-40F0-4286-9019-794C01934B29}.Ad-Hoc|iPhoneSimulator.ActiveCfg = Ad-Hoc|iPhoneSimulator
		{C59D2A26-40F0-4286-9019-794C01934B29}.Ad-Hoc|iPhoneSimulator.Build.0 = Ad-Hoc|iPhoneSimulator
		{C59D2A26-40F0-4286-9019-794C01934B29}.Ad-Hoc|iPhoneSimulator.Deploy.0 = Ad-Hoc|iPhoneSimulator
		{C59D2A26-40F0-4286-9019-794C01934B29}.Ad-Hoc|x64.ActiveCfg = Ad-Hoc|iPhone
		{C59D2A26-40F0-4286-9019-794C01934B29}.Ad-Hoc|x64.Build.0 = Ad-Hoc|iPhone
		{C59D2A26-40F0-4286-9019-794C01934B29}.Ad-Hoc|x64.Deploy.0 = Ad-Hoc|iPhone
		{C59D2A26-40F0-4286-9019-794C01934B29}.Ad-Hoc|x86.ActiveCfg = Ad-Hoc|iPhone
		{C59D2A26-40F0-4286-9019-794C01934B29}.Ad-Hoc|x86.Build.0 = Ad-Hoc|iPhone
		{C59D2A26-40F0-4286-9019-794C01934B29}.Ad-Hoc|x86.Deploy.0 = Ad-Hoc|iPhone
		{C59D2A26-40F0-4286-9019-794C01934B29}.AppStore|Any CPU.ActiveCfg = AppStore|iPhone
		{C59D2A26-40F0-4286-9019-794C01934B29}.AppStore|Any CPU.Build.0 = AppStore|iPhone
		{C59D2A26-40F0-4286-9019-794C01934B29}.AppStore|Any CPU.Deploy.0 = AppStore|iPhone
		{C59D2A26-40F0-4286-9019-794C01934B29}.AppStore|ARM.ActiveCfg = AppStore|iPhone
		{C59D2A26-40F0-4286-9019-794C01934B29}.AppStore|ARM.Build.0 = AppStore|iPhone
		{C59D2A26-40F0-4286-9019-794C01934B29}.AppStore|ARM.Deploy.0 = AppStore|iPhone
		{C59D2A26-40F0-4286-9019-794C01934B29}.AppStore|iPhone.ActiveCfg = AppStore|iPhone
		{C59D2A26-40F0-4286-9019-794C01934B29}.AppStore|iPhone.Build.0 = AppStore|iPhone
		{C59D2A26-40F0-4286-9019-794C01934B29}.AppStore|iPhone.Deploy.0 = AppStore|iPhone
		{C59D2A26-40F0-4286-9019-794C01934B29}.AppStore|iPhoneSimulator.ActiveCfg = AppStore|iPhoneSimulator
		{C59D2A26-40F0-4286-9019-794C01934B29}.AppStore|iPhoneSimulator.Build.0 = AppStore|iPhoneSimulator
		{C59D2A26-40F0-4286-9019-794C01934B29}.AppStore|iPhoneSimulator.Deploy.0 = AppStore|iPhoneSimulator
		{C59D2A26-40F0-4286-9019-794C01934B29}.AppStore|x64.ActiveCfg = AppStore|iPhone
		{C59D2A26-40F0-4286-9019-794C01934B29}.AppStore|x64.Build.0 = AppStore|iPhone
		{C59D2A26-40F0-4286-9019-794C01934B29}.AppStore|x64.Deploy.0 = AppStore|iPhone
		{C59D2A26-40F0-4286-9019-794C01934B29}.AppStore|x86.ActiveCfg = AppStore|iPhone
		{C59D2A26-40F0-4286-9019-794C01934B29}.AppStore|x86.Build.0 = AppStore|iPhone
		{C59D2A26-40F0-4286-9019-794C01934B29}.AppStore|x86.Deploy.0 = AppStore|iPhone
		{C59D2A26-40F0-4286-9019-794C01934B29}.Debug|Any CPU.ActiveCfg = Debug|iPhoneSimulator
		{C59D2A26-40F0-4286-9019-794C01934B29}.Debug|Any CPU.Build.0 = Debug|iPhoneSimulator
		{C59D2A26-40F0-4286-9019-794C01934B29}.Debug|Any CPU.Deploy.0 = Debug|iPhoneSimulator
		{C59D2A26-40F0-4286-9019-794C01934B29}.Debug|ARM.ActiveCfg = Debug|iPhone
		{C59D2A26-40F0-4286-9019-794C01934B29}.Debug|ARM.Build.0 = Debug|iPhone
		{C59D2A26-40F0-4286-9019-794C01934B29}.Debug|ARM.Deploy.0 = Debug|iPhone
		{C59D2A26-40F0-4286-9019-794C01934B29}.Debug|iPhone.ActiveCfg = Debug|iPhone
		{C59D2A26-40F0-4286-9019-794C01934B29}.Debug|iPhone.Build.0 = Debug|iPhone
		{C59D2A26-40F0-4286-9019-794C01934B29}.Debug|iPhone.Deploy.0 = Debug|iPhone
		{C59D2A26-40F0-4286-9019-794C01934B29}.Debug|iPhoneSimulator.ActiveCfg = Debug|iPhoneSimulator
		{C59D2A26-40F0-4286-9019-794C01934B29}.Debug|iPhoneSimulator.Build.0 = Debug|iPhoneSimulator
		{C59D2A26-40F0-4286-9019-794C01934B29}.Debug|iPhoneSimulator.Deploy.0 = Debug|iPhoneSimulator
		{C59D2A26-40F0-4286-9019-794C01934B29}.Debug|x64.ActiveCfg = Debug|iPhone
		{C59D2A26-40F0-4286-9019-794C01934B29}.Debug|x64.Build.0 = Debug|iPhone
		{C59D2A26-40F0-4286-9019-794C01934B29}.Debug|x64.Deploy.0 = Debug|iPhone
		{C59D2A26-40F0-4286-9019-794C01934B29}.Debug|x86.ActiveCfg = Debug|iPhone
		{C59D2A26-40F0-4286-9019-794C01934B29}.Debug|x86.Build.0 = Debug|iPhone
		{C59D2A26-40F0-4286-9019-794C01934B29}.Debug|x86.Deploy.0 = Debug|iPhone
		{C59D2A26-40F0-4286-9019-794C01934B29}.Release|Any CPU.ActiveCfg = Release|iPhone
		{C59D2A26-40F0-4286-9019-794C01934B29}.Release|Any CPU.Build.0 = Release|iPhone
		{C59D2A26-40F0-4286-9019-794C01934B29}.Release|Any CPU.Deploy.0 = Release|iPhone
		{C59D2A26-40F0-4286-9019-794C01934B29}.Release|ARM.ActiveCfg = Release|iPhone
		{C59D2A26-40F0-4286-9019-794C01934B29}.Release|ARM.Build.0 = Release|iPhone
		{C59D2A26-40F0-4286-9019-794C01934B29}.Release|ARM.Deploy.0 = Release|iPhone
		{C59D2A26-40F0-4286-9019-794C01934B29}.Release|iPhone.ActiveCfg = Release|iPhone
		{C59D2A26-40F0-4286-9019-794C01934B29}.Release|iPhone.Build.0 = Release|iPhone
		{C59D2A26-40F0-4286-9019-794C01934B29}.Release|iPhone.Deploy.0 = Release|iPhone
		{C59D2A26-40F0-4286-9019-794C01934B29}.Release|iPhoneSimulator.ActiveCfg = Release|iPhoneSimulator
		{C59D2A26-40F0-4286-9019-794C01934B29}.Release|iPhoneSimulator.Build.0 = Release|iPhoneSimulator
		{C59D2A26-40F0-4286-9019-794C01934B29}.Release|iPhoneSimulator.Deploy.0 = Release|iPhoneSimulator
		{C59D2A26-40F0-4286-9019-794C01934B29}.Release|x64.ActiveCfg = Release|iPhone
		{C59D2A26-40F0-4286-9019-794C01934B29}.Release|x64.Build.0 = Release|iPhone
		{C59D2A26-40F0-4286-9019-794C01934B29}.Release|x64.Deploy.0 = Release|iPhone
		{C59D2A26-40F0-4286-9019-794C01934B29}.Release|x86.ActiveCfg = Release|iPhone
		{C59D2A26-40F0-4286-9019-794C01934B29}.Release|x86.Build.0 = Release|iPhone
		{C59D2A26-40F0-4286-9019-794C01934B29}.Release|x86.Deploy.0 = Release|iPhone
		{94732DD9-C3EB-48D0-94F6-B91FA447B3CB}.Ad-Hoc|Any CPU.ActiveCfg = Release|x86
		{94732DD9-C3EB-48D0-94F6-B91FA447B3CB}.Ad-Hoc|Any CPU.Build.0 = Release|x86
		{94732DD9-C3EB-48D0-94F6-B91FA447B3CB}.Ad-Hoc|Any CPU.Deploy.0 = Release|x86
		{94732DD9-C3EB-48D0-94F6-B91FA447B3CB}.Ad-Hoc|ARM.ActiveCfg = Release|ARM
		{94732DD9-C3EB-48D0-94F6-B91FA447B3CB}.Ad-Hoc|ARM.Build.0 = Release|ARM
		{94732DD9-C3EB-48D0-94F6-B91FA447B3CB}.Ad-Hoc|ARM.Deploy.0 = Release|ARM
		{94732DD9-C3EB-48D0-94F6-B91FA447B3CB}.Ad-Hoc|iPhone.ActiveCfg = Release|x86
		{94732DD9-C3EB-48D0-94F6-B91FA447B3CB}.Ad-Hoc|iPhone.Build.0 = Release|x86
		{94732DD9-C3EB-48D0-94F6-B91FA447B3CB}.Ad-Hoc|iPhone.Deploy.0 = Release|x86
		{94732DD9-C3EB-48D0-94F6-B91FA447B3CB}.Ad-Hoc|iPhoneSimulator.ActiveCfg = Release|x86
		{94732DD9-C3EB-48D0-94F6-B91FA447B3CB}.Ad-Hoc|iPhoneSimulator.Build.0 = Release|x86
		{94732DD9-C3EB-48D0-94F6-B91FA447B3CB}.Ad-Hoc|iPhoneSimulator.Deploy.0 = Release|x86
		{94732DD9-C3EB-48D0-94F6-B91FA447B3CB}.Ad-Hoc|x64.ActiveCfg = Release|x64
		{94732DD9-C3EB-48D0-94F6-B91FA447B3CB}.Ad-Hoc|x64.Build.0 = Release|x64
		{94732DD9-C3EB-48D0-94F6-B91FA447B3CB}.Ad-Hoc|x64.Deploy.0 = Release|x64
		{94732DD9-C3EB-48D0-94F6-B91FA447B3CB}.Ad-Hoc|x86.ActiveCfg = Release|x86
		{94732DD9-C3EB-48D0-94F6-B91FA447B3CB}.Ad-Hoc|x86.Build.0 = Release|x86
		{94732DD9-C3EB-48D0-94F6-B91FA447B3CB}.Ad-Hoc|x86.Deploy.0 = Release|x86
		{94732DD9-C3EB-48D0-94F6-B91FA447B3CB}.AppStore|Any CPU.ActiveCfg = Release|x86
		{94732DD9-C3EB-48D0-94F6-B91FA447B3CB}.AppStore|Any CPU.Build.0 = Release|x86
		{94732DD9-C3EB-48D0-94F6-B91FA447B3CB}.AppStore|Any CPU.Deploy.0 = Release|x86
		{94732DD9-C3EB-48D0-94F6-B91FA447B3CB}.AppStore|ARM.ActiveCfg = Release|ARM
		{94732DD9-C3EB-48D0-94F6-B91FA447B3CB}.AppStore|ARM.Build.0 = Release|ARM
		{94732DD9-C3EB-48D0-94F6-B91FA447B3CB}.AppStore|ARM.Deploy.0 = Release|ARM
		{94732DD9-C3EB-48D0-94F6-B91FA447B3CB}.AppStore|iPhone.ActiveCfg = Release|x86
		{94732DD9-C3EB-48D0-94F6-B91FA447B3CB}.AppStore|iPhone.Build.0 = Release|x86
		{94732DD9-C3EB-48D0-94F6-B91FA447B3CB}.AppStore|iPhone.Deploy.0 = Release|x86
		{94732DD9-C3EB-48D0-94F6-B91FA447B3CB}.AppStore|iPhoneSimulator.ActiveCfg = Release|x86
		{94732DD9-C3EB-48D0-94F6-B91FA447B3CB}.AppStore|iPhoneSimulator.Build.0 = Release|x86
		{94732DD9-C3EB-48D0-94F6-B91FA447B3CB}.AppStore|iPhoneSimulator.Deploy.0 = Release|x86
		{94732DD9-C3EB-48D0-94F6-B91FA447B3CB}.AppStore|x64.ActiveCfg = Release|x64
		{94732DD9-C3EB-48D0-94F6-B91FA447B3CB}.AppStore|x64.Build.0 = Release|x64
		{94732DD9-C3EB-48D0-94F6-B91FA447B3CB}.AppStore|x64.Deploy.0 = Release|x64
		{94732DD9-C3EB-48D0-94F6-B91FA447B3CB}.AppStore|x86.ActiveCfg = Release|x86
		{94732DD9-C3EB-48D0-94F6-B91FA447B3CB}.AppStore|x86.Build.0 = Release|x86
		{94732DD9-C3EB-48D0-94F6-B91FA447B3CB}.AppStore|x86.Deploy.0 = Release|x86
		{94732DD9-C3EB-48D0-94F6-B91FA447B3CB}.Debug|Any CPU.ActiveCfg = Debug|x86
		{94732DD9-C3EB-48D0-94F6-B91FA447B3CB}.Debug|Any CPU.Build.0 = Debug|x86
		{94732DD9-C3EB-48D0-94F6-B91FA447B3CB}.Debug|Any CPU.Deploy.0 = Debug|x86
		{94732DD9-C3EB-48D0-94F6-B91FA447B3CB}.Debug|ARM.ActiveCfg = Debug|ARM
		{94732DD9-C3EB-48D0-94F6-B91FA447B3CB}.Debug|ARM.Build.0 = Debug|ARM
		{94732DD9-C3EB-48D0-94F6-B91FA447B3CB}.Debug|ARM.Deploy.0 = Debug|ARM
		{94732DD9-C3EB-48D0-94F6-B91FA447B3CB}.Debug|iPhone.ActiveCfg = Debug|x86
		{94732DD9-C3EB-48D0-94F6-B91FA447B3CB}.Debug|iPhone.Build.0 = Debug|x86
		{94732DD9-C3EB-48D0-94F6-B91FA447B3CB}.Debug|iPhone.Deploy.0 = Debug|x86
		{94732DD9-C3EB-48D0-94F6-B91FA447B3CB}.Debug|iPhoneSimulator.ActiveCfg = Debug|x86
		{94732DD9-C3EB-48D0-94F6-B91FA447B3CB}.Debug|iPhoneSimulator.Build.0 = Debug|x86
		{94732DD9-C3EB-48D0-94F6-B91FA447B3CB}.Debug|iPhoneSimulator.Deploy.0 = Debug|x86
		{94732DD9-C3EB-48D0-94F6-B91FA447B3CB}.Debug|x64.ActiveCfg = Debug|x64
		{94732DD9-C3EB-48D0-94F6-B91FA447B3CB}.Debug|x64.Build.0 = Debug|x64
		{94732DD9-C3EB-48D0-94F6-B91FA447B3CB}.Debug|x64.Deploy.0 = Debug|x64
		{94732DD9-C3EB-48D0-94F6-B91FA447B3CB}.Debug|x86.ActiveCfg = Debug|x86
		{94732DD9-C3EB-48D0-94F6-B91FA447B3CB}.Debug|x86.Build.0 = Debug|x86
		{94732DD9-C3EB-48D0-94F6-B91FA447B3CB}.Debug|x86.Deploy.0 = Debug|x86
		{94732DD9-C3EB-48D0-94F6-B91FA447B3CB}.Release|Any CPU.ActiveCfg = Release|x86
		{94732DD9-C3EB-48D0-94F6-B91FA447B3CB}.Release|Any CPU.Build.0 = Release|x86
		{94732DD9-C3EB-48D0-94F6-B91FA447B3CB}.Release|Any CPU.Deploy.0 = Release|x86
		{94732DD9-C3EB-48D0-94F6-B91FA447B3CB}.Release|ARM.ActiveCfg = Release|ARM
		{94732DD9-C3EB-48D0-94F6-B91FA447B3CB}.Release|ARM.Build.0 = Release|ARM
		{94732DD9-C3EB-48D0-94F6-B91FA447B3CB}.Release|ARM.Deploy.0 = Release|ARM
		{94732DD9-C3EB-48D0-94F6-B91FA447B3CB}.Release|iPhone.ActiveCfg = Release|x86
		{94732DD9-C3EB-48D0-94F6-B91FA447B3CB}.Release|iPhone.Build.0 = Release|x86
		{94732DD9-C3EB-48D0-94F6-B91FA447B3CB}.Release|iPhone.Deploy.0 = Release|x86
		{94732DD9-C3EB-48D0-94F6-B91FA447B3CB}.Release|iPhoneSimulator.ActiveCfg = Release|x86
		{94732DD9-C3EB-48D0-94F6-B91FA447B3CB}.Release|iPhoneSimulator.Build.0 = Release|x86
		{94732DD9-C3EB-48D0-94F6-B91FA447B3CB}.Release|iPhoneSimulator.Deploy.0 = Release|x86
		{94732DD9-C3EB-48D0-94F6-B91FA447B3CB}.Release|x64.ActiveCfg = Release|x64
		{94732DD9-C3EB-48D0-94F6-B91FA447B3CB}.Release|x64.Build.0 = Release|x64
		{94732DD9-C3EB-48D0-94F6-B91FA447B3CB}.Release|x64.Deploy.0 = Release|x64
		{94732DD9-C3EB-48D0-94F6-B91FA447B3CB}.Release|x86.ActiveCfg = Release|x86
		{94732DD9-C3EB-48D0-94F6-B91FA447B3CB}.Release|x86.Build.0 = Release|x86
		{94732DD9-C3EB-48D0-94F6-B91FA447B3CB}.Release|x86.Deploy.0 = Release|x86
		{80A7F752-EC05-4A9C-ACD5-F4360820BCDF}.Ad-Hoc|Any CPU.ActiveCfg = Debug|Any CPU
		{80A7F752-EC05-4A9C-ACD5-F4360820BCDF}.Ad-Hoc|Any CPU.Build.0 = Debug|Any CPU
		{80A7F752-EC05-4A9C-ACD5-F4360820BCDF}.Ad-Hoc|Any CPU.Deploy.0 = Debug|Any CPU
		{80A7F752-EC05-4A9C-ACD5-F4360820BCDF}.Ad-Hoc|ARM.ActiveCfg = Debug|Any CPU
		{80A7F752-EC05-4A9C-ACD5-F4360820BCDF}.Ad-Hoc|ARM.Build.0 = Debug|Any CPU
		{80A7F752-EC05-4A9C-ACD5-F4360820BCDF}.Ad-Hoc|ARM.Deploy.0 = Debug|Any CPU
		{80A7F752-EC05-4A9C-ACD5-F4360820BCDF}.Ad-Hoc|iPhone.ActiveCfg = Debug|Any CPU
		{80A7F752-EC05-4A9C-ACD5-F4360820BCDF}.Ad-Hoc|iPhone.Build.0 = Debug|Any CPU
		{80A7F752-EC05-4A9C-ACD5-F4360820BCDF}.Ad-Hoc|iPhone.Deploy.0 = Debug|Any CPU
		{80A7F752-EC05-4A9C-ACD5-F4360820BCDF}.Ad-Hoc|iPhoneSimulator.ActiveCfg = Debug|Any CPU
		{80A7F752-EC05-4A9C-ACD5-F4360820BCDF}.Ad-Hoc|iPhoneSimulator.Build.0 = Debug|Any CPU
		{80A7F752-EC05-4A9C-ACD5-F4360820BCDF}.Ad-Hoc|iPhoneSimulator.Deploy.0 = Debug|Any CPU
		{80A7F752-EC05-4A9C-ACD5-F4360820BCDF}.Ad-Hoc|x64.ActiveCfg = Debug|Any CPU
		{80A7F752-EC05-4A9C-ACD5-F4360820BCDF}.Ad-Hoc|x64.Build.0 = Debug|Any CPU
		{80A7F752-EC05-4A9C-ACD5-F4360820BCDF}.Ad-Hoc|x64.Deploy.0 = Debug|Any CPU
		{80A7F752-EC05-4A9C-ACD5-F4360820BCDF}.Ad-Hoc|x86.ActiveCfg = Debug|Any CPU
		{80A7F752-EC05-4A9C-ACD5-F4360820BCDF}.Ad-Hoc|x86.Build.0 = Debug|Any CPU
		{80A7F752-EC05-4A9C-ACD5-F4360820BCDF}.Ad-Hoc|x86.Deploy.0 = Debug|Any CPU
		{80A7F752-EC05-4A9C-ACD5-F4360820BCDF}.AppStore|Any CPU.ActiveCfg = Debug|Any CPU
		{80A7F752-EC05-4A9C-ACD5-F4360820BCDF}.AppStore|Any CPU.Build.0 = Debug|Any CPU
		{80A7F752-EC05-4A9C-ACD5-F4360820BCDF}.AppStore|Any CPU.Deploy.0 = Debug|Any CPU
		{80A7F752-EC05-4A9C-ACD5-F4360820BCDF}.AppStore|ARM.ActiveCfg = Debug|Any CPU
		{80A7F752-EC05-4A9C-ACD5-F4360820BCDF}.AppStore|ARM.Build.0 = Debug|Any CPU
		{80A7F752-EC05-4A9C-ACD5-F4360820BCDF}.AppStore|ARM.Deploy.0 = Debug|Any CPU
		{80A7F752-EC05-4A9C-ACD5-F4360820BCDF}.AppStore|iPhone.ActiveCfg = Debug|Any CPU
		{80A7F752-EC05-4A9C-ACD5-F4360820BCDF}.AppStore|iPhone.Build.0 = Debug|Any CPU
		{80A7F752-EC05-4A9C-ACD5-F4360820BCDF}.AppStore|iPhone.Deploy.0 = Debug|Any CPU
		{80A7F752-EC05-4A9C-ACD5-F4360820BCDF}.AppStore|iPhoneSimulator.ActiveCfg = Debug|Any CPU
		{80A7F752-EC05-4A9C-ACD5-F4360820BCDF}.AppStore|iPhoneSimulator.Build.0 = Debug|Any CPU
		{80A7F752-EC05-4A9C-ACD5-F4360820BCDF}.AppStore|iPhoneSimulator.Deploy.0 = Debug|Any CPU
		{80A7F752-EC05-4A9C-ACD5-F4360820BCDF}.AppStore|x64.ActiveCfg = Debug|Any CPU
		{80A7F752-EC05-4A9C-ACD5-F4360820BCDF}.AppStore|x64.Build.0 = Debug|Any CPU
		{80A7F752-EC05-4A9C-ACD5-F4360820BCDF}.AppStore|x64.Deploy.0 = Debug|Any CPU
		{80A7F752-EC05-4A9C-ACD5-F4360820BCDF}.AppStore|x86.ActiveCfg = Debug|Any CPU
		{80A7F752-EC05-4A9C-ACD5-F4360820BCDF}.AppStore|x86.Build.0 = Debug|Any CPU
		{80A7F752-EC05-4A9C-ACD5-F4360820BCDF}.AppStore|x86.Deploy.0 = Debug|Any CPU
		{80A7F752-EC05-4A9C-ACD5-F4360820BCDF}.Debug|Any CPU.ActiveCfg = Debug|Any CPU
		{80A7F752-EC05-4A9C-ACD5-F4360820BCDF}.Debug|Any CPU.Build.0 = Debug|Any CPU
		{80A7F752-EC05-4A9C-ACD5-F4360820BCDF}.Debug|Any CPU.Deploy.0 = Debug|Any CPU
		{80A7F752-EC05-4A9C-ACD5-F4360820BCDF}.Debug|ARM.ActiveCfg = Debug|Any CPU
		{80A7F752-EC05-4A9C-ACD5-F4360820BCDF}.Debug|ARM.Build.0 = Debug|Any CPU
		{80A7F752-EC05-4A9C-ACD5-F4360820BCDF}.Debug|ARM.Deploy.0 = Debug|Any CPU
		{80A7F752-EC05-4A9C-ACD5-F4360820BCDF}.Debug|iPhone.ActiveCfg = Debug|Any CPU
		{80A7F752-EC05-4A9C-ACD5-F4360820BCDF}.Debug|iPhone.Build.0 = Debug|Any CPU
		{80A7F752-EC05-4A9C-ACD5-F4360820BCDF}.Debug|iPhone.Deploy.0 = Debug|Any CPU
		{80A7F752-EC05-4A9C-ACD5-F4360820BCDF}.Debug|iPhoneSimulator.ActiveCfg = Debug|Any CPU
		{80A7F752-EC05-4A9C-ACD5-F4360820BCDF}.Debug|iPhoneSimulator.Build.0 = Debug|Any CPU
		{80A7F752-EC05-4A9C-ACD5-F4360820BCDF}.Debug|iPhoneSimulator.Deploy.0 = Debug|Any CPU
		{80A7F752-EC05-4A9C-ACD5-F4360820BCDF}.Debug|x64.ActiveCfg = Debug|Any CPU
		{80A7F752-EC05-4A9C-ACD5-F4360820BCDF}.Debug|x64.Build.0 = Debug|Any CPU
		{80A7F752-EC05-4A9C-ACD5-F4360820BCDF}.Debug|x64.Deploy.0 = Debug|Any CPU
		{80A7F752-EC05-4A9C-ACD5-F4360820BCDF}.Debug|x86.ActiveCfg = Debug|Any CPU
		{80A7F752-EC05-4A9C-ACD5-F4360820BCDF}.Debug|x86.Build.0 = Debug|Any CPU
		{80A7F752-EC05-4A9C-ACD5-F4360820BCDF}.Debug|x86.Deploy.0 = Debug|Any CPU
		{80A7F752-EC05-4A9C-ACD5-F4360820BCDF}.Release|Any CPU.ActiveCfg = Release|Any CPU
		{80A7F752-EC05-4A9C-ACD5-F4360820BCDF}.Release|Any CPU.Build.0 = Release|Any CPU
		{80A7F752-EC05-4A9C-ACD5-F4360820BCDF}.Release|Any CPU.Deploy.0 = Release|Any CPU
		{80A7F752-EC05-4A9C-ACD5-F4360820BCDF}.Release|ARM.ActiveCfg = Release|Any CPU
		{80A7F752-EC05-4A9C-ACD5-F4360820BCDF}.Release|ARM.Build.0 = Release|Any CPU
		{80A7F752-EC05-4A9C-ACD5-F4360820BCDF}.Release|ARM.Deploy.0 = Release|Any CPU
		{80A7F752-EC05-4A9C-ACD5-F4360820BCDF}.Release|iPhone.ActiveCfg = Release|Any CPU
		{80A7F752-EC05-4A9C-ACD5-F4360820BCDF}.Release|iPhone.Build.0 = Release|Any CPU
		{80A7F752-EC05-4A9C-ACD5-F4360820BCDF}.Release|iPhone.Deploy.0 = Release|Any CPU
		{80A7F752-EC05-4A9C-ACD5-F4360820BCDF}.Release|iPhoneSimulator.ActiveCfg = Release|Any CPU
		{80A7F752-EC05-4A9C-ACD5-F4360820BCDF}.Release|iPhoneSimulator.Build.0 = Release|Any CPU
		{80A7F752-EC05-4A9C-ACD5-F4360820BCDF}.Release|iPhoneSimulator.Deploy.0 = Release|Any CPU
		{80A7F752-EC05-4A9C-ACD5-F4360820BCDF}.Release|x64.ActiveCfg = Release|Any CPU
		{80A7F752-EC05-4A9C-ACD5-F4360820BCDF}.Release|x64.Build.0 = Release|Any CPU
		{80A7F752-EC05-4A9C-ACD5-F4360820BCDF}.Release|x64.Deploy.0 = Release|Any CPU
		{80A7F752-EC05-4A9C-ACD5-F4360820BCDF}.Release|x86.ActiveCfg = Release|Any CPU
		{80A7F752-EC05-4A9C-ACD5-F4360820BCDF}.Release|x86.Build.0 = Release|Any CPU
		{80A7F752-EC05-4A9C-ACD5-F4360820BCDF}.Release|x86.Deploy.0 = Release|Any CPU
	EndGlobalSection
	GlobalSection(SolutionProperties) = preSolution
		HideSolutionNode = FALSE
	EndGlobalSection
	GlobalSection(ExtensibilityGlobals) = postSolution
		SolutionGuid = {ACC0523B-1AF9-46BC-8457-EF0F4796FB97}
	EndGlobalSection
EndGlobal
